
Microsoft Visual Studio Solution File, Format Version 12.00
# Visual Studio Version 16
VisualStudioVersion = 16.0.29509.3
MinimumVisualStudioVersion = 10.0.40219.1
Project("{FAE04EC0-301F-11D3-BF4B-00C04F79EFBC}") = "Tournament", "Tournament\Tournament.csproj", "{6A61D336-A736-4DED-81B8-110E5738B9DD}"
EndProject
Project("{FAE04EC0-301F-11D3-BF4B-00C04F79EFBC}") = "TournamentData", "TournamentData\TournamentData.csproj", "{55230DD0-BC68-4FB0-8779-0A06D30B0F1E}"
EndProject
Global
	GlobalSection(SolutionConfigurationPlatforms) = preSolution
		Debug|Any CPU = Debug|Any CPU
		Release|Any CPU = Release|Any CPU
	EndGlobalSection
	GlobalSection(ProjectConfigurationPlatforms) = postSolution
		{6A61D336-A736-4DED-81B8-110E5738B9DD}.Debug|Any CPU.ActiveCfg = Debug|Any CPU
		{6A61D336-A736-4DED-81B8-110E5738B9DD}.Debug|Any CPU.Build.0 = Debug|Any CPU
		{6A61D336-A736-4DED-81B8-110E5738B9DD}.Release|Any CPU.ActiveCfg = Release|Any CPU
		{6A61D336-A736-4DED-81B8-110E5738B9DD}.Release|Any CPU.Build.0 = Release|Any CPU
		{55230DD0-BC68-4FB0-8779-0A06D30B0F1E}.Debug|Any CPU.ActiveCfg = Debug|Any CPU
		{55230DD0-BC68-4FB0-8779-0A06D30B0F1E}.Debug|Any CPU.Build.0 = Debug|Any CPU
		{55230DD0-BC68-4FB0-8779-0A06D30B0F1E}.Release|Any CPU.ActiveCfg = Release|Any CPU
		{55230DD0-BC68-4FB0-8779-0A06D30B0F1E}.Release|Any CPU.Build.0 = Release|Any CPU
	EndGlobalSection
	GlobalSection(SolutionProperties) = preSolution
		HideSolutionNode = FALSE
	EndGlobalSection
	GlobalSection(ExtensibilityGlobals) = postSolution
		SolutionGuid = {089DBFC5-A808-441C-8708-D902B212BD0F}
	EndGlobalSection
EndGlobal
